// !$*UTF8*$!
{
	archiveVersion = 1;
	classes = {
	};
	objectVersion = 50;
	objects = {

/* Begin PBXBuildFile section */
		186FB80F23CFA61A00079E32 /* prepositions.plist in Resources */ = {isa = PBXBuildFile; fileRef = 186FB80E23CFA61A00079E32 /* prepositions.plist */; };
		186FB81023CFA61A00079E32 /* prepositions.plist in Resources */ = {isa = PBXBuildFile; fileRef = 186FB80E23CFA61A00079E32 /* prepositions.plist */; };
		186FB81123CFA61A00079E32 /* prepositions.plist in Resources */ = {isa = PBXBuildFile; fileRef = 186FB80E23CFA61A00079E32 /* prepositions.plist */; };
		186FB81323CFB55800079E32 /* irregularverbs.plist in Resources */ = {isa = PBXBuildFile; fileRef = 186FB81223CFB55800079E32 /* irregularverbs.plist */; };
		186FB81423CFB55800079E32 /* irregularverbs.plist in Resources */ = {isa = PBXBuildFile; fileRef = 186FB81223CFB55800079E32 /* irregularverbs.plist */; };
		186FB81523CFB55800079E32 /* irregularverbs.plist in Resources */ = {isa = PBXBuildFile; fileRef = 186FB81223CFB55800079E32 /* irregularverbs.plist */; };
		186FB81723CFB65C00079E32 /* adjectivesandadverbs.plist in Resources */ = {isa = PBXBuildFile; fileRef = 186FB81623CFB65C00079E32 /* adjectivesandadverbs.plist */; };
		186FB81823CFB65C00079E32 /* adjectivesandadverbs.plist in Resources */ = {isa = PBXBuildFile; fileRef = 186FB81623CFB65C00079E32 /* adjectivesandadverbs.plist */; };
		186FB81923CFB65C00079E32 /* adjectivesandadverbs.plist in Resources */ = {isa = PBXBuildFile; fileRef = 186FB81623CFB65C00079E32 /* adjectivesandadverbs.plist */; };
		186FB81B23CFB67600079E32 /* countableanduncountables.plist in Resources */ = {isa = PBXBuildFile; fileRef = 186FB81A23CFB67600079E32 /* countableanduncountables.plist */; };
		186FB81C23CFB67600079E32 /* countableanduncountables.plist in Resources */ = {isa = PBXBuildFile; fileRef = 186FB81A23CFB67600079E32 /* countableanduncountables.plist */; };
		186FB81D23CFB67600079E32 /* countableanduncountables.plist in Resources */ = {isa = PBXBuildFile; fileRef = 186FB81A23CFB67600079E32 /* countableanduncountables.plist */; };
		186FB81F23CFB68800079E32 /* infinitivesorgerunds.plist in Resources */ = {isa = PBXBuildFile; fileRef = 186FB81E23CFB68800079E32 /* infinitivesorgerunds.plist */; };
		186FB82023CFB68800079E32 /* infinitivesorgerunds.plist in Resources */ = {isa = PBXBuildFile; fileRef = 186FB81E23CFB68800079E32 /* infinitivesorgerunds.plist */; };
		186FB82123CFB68800079E32 /* infinitivesorgerunds.plist in Resources */ = {isa = PBXBuildFile; fileRef = 186FB81E23CFB68800079E32 /* infinitivesorgerunds.plist */; };
		186FB82323CFB69C00079E32 /* moreorless.plist in Resources */ = {isa = PBXBuildFile; fileRef = 186FB82223CFB69C00079E32 /* moreorless.plist */; };
		186FB82423CFB69C00079E32 /* moreorless.plist in Resources */ = {isa = PBXBuildFile; fileRef = 186FB82223CFB69C00079E32 /* moreorless.plist */; };
		186FB82523CFB69C00079E32 /* moreorless.plist in Resources */ = {isa = PBXBuildFile; fileRef = 186FB82223CFB69C00079E32 /* moreorless.plist */; };
		186FB82723CFB6AA00079E32 /* expressionsofcolor.plist in Resources */ = {isa = PBXBuildFile; fileRef = 186FB82623CFB6AA00079E32 /* expressionsofcolor.plist */; };
		186FB82823CFB6AA00079E32 /* expressionsofcolor.plist in Resources */ = {isa = PBXBuildFile; fileRef = 186FB82623CFB6AA00079E32 /* expressionsofcolor.plist */; };
		186FB82923CFB6AA00079E32 /* expressionsofcolor.plist in Resources */ = {isa = PBXBuildFile; fileRef = 186FB82623CFB6AA00079E32 /* expressionsofcolor.plist */; };
		186FB82B23CFB6BC00079E32 /* fewandlittle.plist in Resources */ = {isa = PBXBuildFile; fileRef = 186FB82A23CFB6BC00079E32 /* fewandlittle.plist */; };
		186FB82C23CFB6BC00079E32 /* fewandlittle.plist in Resources */ = {isa = PBXBuildFile; fileRef = 186FB82A23CFB6BC00079E32 /* fewandlittle.plist */; };
		186FB82D23CFB6BC00079E32 /* fewandlittle.plist in Resources */ = {isa = PBXBuildFile; fileRef = 186FB82A23CFB6BC00079E32 /* fewandlittle.plist */; };
		186FB82F23CFB6CB00079E32 /* adverbialclauses.plist in Resources */ = {isa = PBXBuildFile; fileRef = 186FB82E23CFB6CB00079E32 /* adverbialclauses.plist */; };
		186FB83023CFB6CB00079E32 /* adverbialclauses.plist in Resources */ = {isa = PBXBuildFile; fileRef = 186FB82E23CFB6CB00079E32 /* adverbialclauses.plist */; };
		186FB83123CFB6CB00079E32 /* adverbialclauses.plist in Resources */ = {isa = PBXBuildFile; fileRef = 186FB82E23CFB6CB00079E32 /* adverbialclauses.plist */; };
		186FB83323CFB6D600079E32 /* modals.plist in Resources */ = {isa = PBXBuildFile; fileRef = 186FB83223CFB6D600079E32 /* modals.plist */; };
		186FB83423CFB6D600079E32 /* modals.plist in Resources */ = {isa = PBXBuildFile; fileRef = 186FB83223CFB6D600079E32 /* modals.plist */; };
		186FB83523CFB6D600079E32 /* modals.plist in Resources */ = {isa = PBXBuildFile; fileRef = 186FB83223CFB6D600079E32 /* modals.plist */; };
		186FB83723CFB6E200079E32 /* linkers.plist in Resources */ = {isa = PBXBuildFile; fileRef = 186FB83623CFB6E200079E32 /* linkers.plist */; };
		186FB83823CFB6E200079E32 /* linkers.plist in Resources */ = {isa = PBXBuildFile; fileRef = 186FB83623CFB6E200079E32 /* linkers.plist */; };
		186FB83923CFB6E200079E32 /* linkers.plist in Resources */ = {isa = PBXBuildFile; fileRef = 186FB83623CFB6E200079E32 /* linkers.plist */; };
		186FB83B23CFB6F300079E32 /* conjunctions.plist in Resources */ = {isa = PBXBuildFile; fileRef = 186FB83A23CFB6F300079E32 /* conjunctions.plist */; };
		186FB83C23CFB6F300079E32 /* conjunctions.plist in Resources */ = {isa = PBXBuildFile; fileRef = 186FB83A23CFB6F300079E32 /* conjunctions.plist */; };
		186FB83D23CFB6F300079E32 /* conjunctions.plist in Resources */ = {isa = PBXBuildFile; fileRef = 186FB83A23CFB6F300079E32 /* conjunctions.plist */; };
		189A8B5A23CE5EA60044DCDF /* AppDelegate.swift in Sources */ = {isa = PBXBuildFile; fileRef = 189A8B5923CE5EA60044DCDF /* AppDelegate.swift */; };
		189A8B5C23CE5EA60044DCDF /* SceneDelegate.swift in Sources */ = {isa = PBXBuildFile; fileRef = 189A8B5B23CE5EA60044DCDF /* SceneDelegate.swift */; };
		189A8B5E23CE5EA60044DCDF /* ViewController.swift in Sources */ = {isa = PBXBuildFile; fileRef = 189A8B5D23CE5EA60044DCDF /* ViewController.swift */; };
		189A8B6123CE5EA60044DCDF /* Main.storyboard in Resources */ = {isa = PBXBuildFile; fileRef = 189A8B5F23CE5EA60044DCDF /* Main.storyboard */; };
		189A8B6423CE5EA60044DCDF /* QuiziS.xcdatamodeld in Sources */ = {isa = PBXBuildFile; fileRef = 189A8B6223CE5EA60044DCDF /* QuiziS.xcdatamodeld */; };
		189A8B6623CE5EA80044DCDF /* Assets.xcassets in Resources */ = {isa = PBXBuildFile; fileRef = 189A8B6523CE5EA80044DCDF /* Assets.xcassets */; };
		189A8B6923CE5EA80044DCDF /* LaunchScreen.storyboard in Resources */ = {isa = PBXBuildFile; fileRef = 189A8B6723CE5EA80044DCDF /* LaunchScreen.storyboard */; };
		189A8B7423CE5EA80044DCDF /* QuiziSTests.swift in Sources */ = {isa = PBXBuildFile; fileRef = 189A8B7323CE5EA80044DCDF /* QuiziSTests.swift */; };
		189A8B7F23CE5EA80044DCDF /* QuiziSUITests.swift in Sources */ = {isa = PBXBuildFile; fileRef = 189A8B7E23CE5EA80044DCDF /* QuiziSUITests.swift */; };
		189A8B8D23CE6CE20044DCDF /* GrammarTableViewController.swift in Sources */ = {isa = PBXBuildFile; fileRef = 189A8B8C23CE6CE20044DCDF /* GrammarTableViewController.swift */; };
		189A8B8F23CE6DB90044DCDF /* GrammarTableViewCell.swift in Sources */ = {isa = PBXBuildFile; fileRef = 189A8B8E23CE6DB90044DCDF /* GrammarTableViewCell.swift */; };
		189A8B9123CE86600044DCDF /* Question.swift in Sources */ = {isa = PBXBuildFile; fileRef = 189A8B9023CE86600044DCDF /* Question.swift */; };
		189A8B9323CE871A0044DCDF /* QuestionViewController.swift in Sources */ = {isa = PBXBuildFile; fileRef = 189A8B9223CE871A0044DCDF /* QuestionViewController.swift */; };
		189A8B9523CEB23C0044DCDF /* Grammar.swift in Sources */ = {isa = PBXBuildFile; fileRef = 189A8B9423CEB23C0044DCDF /* Grammar.swift */; };
		189A8B9723CEBCCD0044DCDF /* GrammarTypeViewController.swift in Sources */ = {isa = PBXBuildFile; fileRef = 189A8B9623CEBCCD0044DCDF /* GrammarTypeViewController.swift */; };
/* End PBXBuildFile section */

/* Begin PBXContainerItemProxy section */
		189A8B7023CE5EA80044DCDF /* PBXContainerItemProxy */ = {
			isa = PBXContainerItemProxy;
			containerPortal = 189A8B4E23CE5EA60044DCDF /* Project object */;
			proxyType = 1;
			remoteGlobalIDString = 189A8B5523CE5EA60044DCDF;
			remoteInfo = QuiziS;
		};
		189A8B7B23CE5EA80044DCDF /* PBXContainerItemProxy */ = {
			isa = PBXContainerItemProxy;
			containerPortal = 189A8B4E23CE5EA60044DCDF /* Project object */;
			proxyType = 1;
			remoteGlobalIDString = 189A8B5523CE5EA60044DCDF;
			remoteInfo = QuiziS;
		};
/* End PBXContainerItemProxy section */

/* Begin PBXFileReference section */
		186FB80E23CFA61A00079E32 /* prepositions.plist */ = {isa = PBXFileReference; lastKnownFileType = text.plist.xml; path = prepositions.plist; sourceTree = "<group>"; };
		186FB81223CFB55800079E32 /* irregularverbs.plist */ = {isa = PBXFileReference; lastKnownFileType = text.plist.xml; path = irregularverbs.plist; sourceTree = "<group>"; };
		186FB81623CFB65C00079E32 /* adjectivesandadverbs.plist */ = {isa = PBXFileReference; lastKnownFileType = text.plist.xml; path = adjectivesandadverbs.plist; sourceTree = "<group>"; };
		186FB81A23CFB67600079E32 /* countableanduncountables.plist */ = {isa = PBXFileReference; lastKnownFileType = text.plist.xml; path = countableanduncountables.plist; sourceTree = "<group>"; };
		186FB81E23CFB68800079E32 /* infinitivesorgerunds.plist */ = {isa = PBXFileReference; lastKnownFileType = text.plist.xml; path = infinitivesorgerunds.plist; sourceTree = "<group>"; };
		186FB82223CFB69C00079E32 /* moreorless.plist */ = {isa = PBXFileReference; lastKnownFileType = text.plist.xml; path = moreorless.plist; sourceTree = "<group>"; };
		186FB82623CFB6AA00079E32 /* expressionsofcolor.plist */ = {isa = PBXFileReference; lastKnownFileType = text.plist.xml; path = expressionsofcolor.plist; sourceTree = "<group>"; };
		186FB82A23CFB6BC00079E32 /* fewandlittle.plist */ = {isa = PBXFileReference; lastKnownFileType = text.plist.xml; path = fewandlittle.plist; sourceTree = "<group>"; };
		186FB82E23CFB6CB00079E32 /* adverbialclauses.plist */ = {isa = PBXFileReference; lastKnownFileType = text.plist.xml; path = adverbialclauses.plist; sourceTree = "<group>"; };
		186FB83223CFB6D600079E32 /* modals.plist */ = {isa = PBXFileReference; lastKnownFileType = text.plist.xml; path = modals.plist; sourceTree = "<group>"; };
		186FB83623CFB6E200079E32 /* linkers.plist */ = {isa = PBXFileReference; lastKnownFileType = text.plist.xml; path = linkers.plist; sourceTree = "<group>"; };
		186FB83A23CFB6F300079E32 /* conjunctions.plist */ = {isa = PBXFileReference; lastKnownFileType = text.plist.xml; path = conjunctions.plist; sourceTree = "<group>"; };
		189A8B5623CE5EA60044DCDF /* QuiziS.app */ = {isa = PBXFileReference; explicitFileType = wrapper.application; includeInIndex = 0; path = QuiziS.app; sourceTree = BUILT_PRODUCTS_DIR; };
		189A8B5923CE5EA60044DCDF /* AppDelegate.swift */ = {isa = PBXFileReference; lastKnownFileType = sourcecode.swift; path = AppDelegate.swift; sourceTree = "<group>"; };
		189A8B5B23CE5EA60044DCDF /* SceneDelegate.swift */ = {isa = PBXFileReference; lastKnownFileType = sourcecode.swift; path = SceneDelegate.swift; sourceTree = "<group>"; };
		189A8B5D23CE5EA60044DCDF /* ViewController.swift */ = {isa = PBXFileReference; lastKnownFileType = sourcecode.swift; path = ViewController.swift; sourceTree = "<group>"; };
		189A8B6023CE5EA60044DCDF /* Base */ = {isa = PBXFileReference; lastKnownFileType = file.storyboard; name = Base; path = Base.lproj/Main.storyboard; sourceTree = "<group>"; };
		189A8B6323CE5EA60044DCDF /* QuiziS.xcdatamodel */ = {isa = PBXFileReference; lastKnownFileType = wrapper.xcdatamodel; path = QuiziS.xcdatamodel; sourceTree = "<group>"; };
		189A8B6523CE5EA80044DCDF /* Assets.xcassets */ = {isa = PBXFileReference; lastKnownFileType = folder.assetcatalog; path = Assets.xcassets; sourceTree = "<group>"; };
		189A8B6823CE5EA80044DCDF /* Base */ = {isa = PBXFileReference; lastKnownFileType = file.storyboard; name = Base; path = Base.lproj/LaunchScreen.storyboard; sourceTree = "<group>"; };
		189A8B6A23CE5EA80044DCDF /* Info.plist */ = {isa = PBXFileReference; lastKnownFileType = text.plist.xml; path = Info.plist; sourceTree = "<group>"; };
		189A8B6F23CE5EA80044DCDF /* QuiziSTests.xctest */ = {isa = PBXFileReference; explicitFileType = wrapper.cfbundle; includeInIndex = 0; path = QuiziSTests.xctest; sourceTree = BUILT_PRODUCTS_DIR; };
		189A8B7323CE5EA80044DCDF /* QuiziSTests.swift */ = {isa = PBXFileReference; lastKnownFileType = sourcecode.swift; path = QuiziSTests.swift; sourceTree = "<group>"; };
		189A8B7523CE5EA80044DCDF /* Info.plist */ = {isa = PBXFileReference; lastKnownFileType = text.plist.xml; path = Info.plist; sourceTree = "<group>"; };
		189A8B7A23CE5EA80044DCDF /* QuiziSUITests.xctest */ = {isa = PBXFileReference; explicitFileType = wrapper.cfbundle; includeInIndex = 0; path = QuiziSUITests.xctest; sourceTree = BUILT_PRODUCTS_DIR; };
		189A8B7E23CE5EA80044DCDF /* QuiziSUITests.swift */ = {isa = PBXFileReference; lastKnownFileType = sourcecode.swift; path = QuiziSUITests.swift; sourceTree = "<group>"; };
		189A8B8023CE5EA80044DCDF /* Info.plist */ = {isa = PBXFileReference; lastKnownFileType = text.plist.xml; path = Info.plist; sourceTree = "<group>"; };
		189A8B8C23CE6CE20044DCDF /* GrammarTableViewController.swift */ = {isa = PBXFileReference; lastKnownFileType = sourcecode.swift; path = GrammarTableViewController.swift; sourceTree = "<group>"; };
		189A8B8E23CE6DB90044DCDF /* GrammarTableViewCell.swift */ = {isa = PBXFileReference; lastKnownFileType = sourcecode.swift; path = GrammarTableViewCell.swift; sourceTree = "<group>"; };
		189A8B9023CE86600044DCDF /* Question.swift */ = {isa = PBXFileReference; lastKnownFileType = sourcecode.swift; path = Question.swift; sourceTree = "<group>"; };
		189A8B9223CE871A0044DCDF /* QuestionViewController.swift */ = {isa = PBXFileReference; lastKnownFileType = sourcecode.swift; path = QuestionViewController.swift; sourceTree = "<group>"; };
		189A8B9423CEB23C0044DCDF /* Grammar.swift */ = {isa = PBXFileReference; lastKnownFileType = sourcecode.swift; path = Grammar.swift; sourceTree = "<group>"; };
		189A8B9623CEBCCD0044DCDF /* GrammarTypeViewController.swift */ = {isa = PBXFileReference; lastKnownFileType = sourcecode.swift; path = GrammarTypeViewController.swift; sourceTree = "<group>"; };
/* End PBXFileReference section */

/* Begin PBXFrameworksBuildPhase section */
		189A8B5323CE5EA60044DCDF /* Frameworks */ = {
			isa = PBXFrameworksBuildPhase;
			buildActionMask = 2147483647;
			files = (
			);
			runOnlyForDeploymentPostprocessing = 0;
		};
		189A8B6C23CE5EA80044DCDF /* Frameworks */ = {
			isa = PBXFrameworksBuildPhase;
			buildActionMask = 2147483647;
			files = (
			);
			runOnlyForDeploymentPostprocessing = 0;
		};
		189A8B7723CE5EA80044DCDF /* Frameworks */ = {
			isa = PBXFrameworksBuildPhase;
			buildActionMask = 2147483647;
			files = (
			);
			runOnlyForDeploymentPostprocessing = 0;
		};
/* End PBXFrameworksBuildPhase section */

/* Begin PBXGroup section */
		186FB83E23CFB76800079E32 /* grammar */ = {
			isa = PBXGroup;
			children = (
				186FB83623CFB6E200079E32 /* linkers.plist */,
				186FB80E23CFA61A00079E32 /* prepositions.plist */,
				186FB81223CFB55800079E32 /* irregularverbs.plist */,
				186FB81A23CFB67600079E32 /* countableanduncountables.plist */,
				186FB82E23CFB6CB00079E32 /* adverbialclauses.plist */,
				186FB82223CFB69C00079E32 /* moreorless.plist */,
				186FB83223CFB6D600079E32 /* modals.plist */,
				186FB81E23CFB68800079E32 /* infinitivesorgerunds.plist */,
				186FB83A23CFB6F300079E32 /* conjunctions.plist */,
				186FB82623CFB6AA00079E32 /* expressionsofcolor.plist */,
				186FB81623CFB65C00079E32 /* adjectivesandadverbs.plist */,
				186FB82A23CFB6BC00079E32 /* fewandlittle.plist */,
			);
			path = grammar;
			sourceTree = "<group>";
		};
		189A8B4D23CE5EA60044DCDF = {
			isa = PBXGroup;
			children = (
				189A8B5823CE5EA60044DCDF /* QuiziS */,
				189A8B7223CE5EA80044DCDF /* QuiziSTests */,
				189A8B7D23CE5EA80044DCDF /* QuiziSUITests */,
				189A8B5723CE5EA60044DCDF /* Products */,
			);
			sourceTree = "<group>";
		};
		189A8B5723CE5EA60044DCDF /* Products */ = {
			isa = PBXGroup;
			children = (
				189A8B5623CE5EA60044DCDF /* QuiziS.app */,
				189A8B6F23CE5EA80044DCDF /* QuiziSTests.xctest */,
				189A8B7A23CE5EA80044DCDF /* QuiziSUITests.xctest */,
			);
			name = Products;
			sourceTree = "<group>";
		};
		189A8B5823CE5EA60044DCDF /* QuiziS */ = {
			isa = PBXGroup;
			children = (
				189A8B9823CEBCDA0044DCDF /* New Group */,
				189A8B5D23CE5EA60044DCDF /* ViewController.swift */,
				189A8B5F23CE5EA60044DCDF /* Main.storyboard */,
				189A8B9623CEBCCD0044DCDF /* GrammarTypeViewController.swift */,
				189A8B9223CE871A0044DCDF /* QuestionViewController.swift */,
				189A8B9023CE86600044DCDF /* Question.swift */,
				189A8B9423CEB23C0044DCDF /* Grammar.swift */,
				189A8B8E23CE6DB90044DCDF /* GrammarTableViewCell.swift */,
				189A8B8C23CE6CE20044DCDF /* GrammarTableViewController.swift */,
				189A8B6523CE5EA80044DCDF /* Assets.xcassets */,
				189A8B6723CE5EA80044DCDF /* LaunchScreen.storyboard */,
				189A8B6A23CE5EA80044DCDF /* Info.plist */,
				186FB83E23CFB76800079E32 /* grammar */,
				189A8B6223CE5EA60044DCDF /* QuiziS.xcdatamodeld */,
			);
			path = QuiziS;
			sourceTree = "<group>";
		};
		189A8B7223CE5EA80044DCDF /* QuiziSTests */ = {
			isa = PBXGroup;
			children = (
				189A8B7323CE5EA80044DCDF /* QuiziSTests.swift */,
				189A8B7523CE5EA80044DCDF /* Info.plist */,
			);
			path = QuiziSTests;
			sourceTree = "<group>";
		};
		189A8B7D23CE5EA80044DCDF /* QuiziSUITests */ = {
			isa = PBXGroup;
			children = (
				189A8B7E23CE5EA80044DCDF /* QuiziSUITests.swift */,
				189A8B8023CE5EA80044DCDF /* Info.plist */,
			);
			path = QuiziSUITests;
			sourceTree = "<group>";
		};
		189A8B9823CEBCDA0044DCDF /* New Group */ = {
			isa = PBXGroup;
			children = (
				189A8B5923CE5EA60044DCDF /* AppDelegate.swift */,
				189A8B5B23CE5EA60044DCDF /* SceneDelegate.swift */,
			);
			path = "New Group";
			sourceTree = "<group>";
		};
/* End PBXGroup section */

/* Begin PBXNativeTarget section */
		189A8B5523CE5EA60044DCDF /* QuiziS */ = {
			isa = PBXNativeTarget;
			buildConfigurationList = 189A8B8323CE5EA80044DCDF /* Build configuration list for PBXNativeTarget "QuiziS" */;
			buildPhases = (
				189A8B5223CE5EA60044DCDF /* Sources */,
				189A8B5323CE5EA60044DCDF /* Frameworks */,
				189A8B5423CE5EA60044DCDF /* Resources */,
			);
			buildRules = (
			);
			dependencies = (
			);
			name = QuiziS;
			productName = QuiziS;
			productReference = 189A8B5623CE5EA60044DCDF /* QuiziS.app */;
			productType = "com.apple.product-type.application";
		};
		189A8B6E23CE5EA80044DCDF /* QuiziSTests */ = {
			isa = PBXNativeTarget;
			buildConfigurationList = 189A8B8623CE5EA90044DCDF /* Build configuration list for PBXNativeTarget "QuiziSTests" */;
			buildPhases = (
				189A8B6B23CE5EA80044DCDF /* Sources */,
				189A8B6C23CE5EA80044DCDF /* Frameworks */,
				189A8B6D23CE5EA80044DCDF /* Resources */,
			);
			buildRules = (
			);
			dependencies = (
				189A8B7123CE5EA80044DCDF /* PBXTargetDependency */,
			);
			name = QuiziSTests;
			productName = QuiziSTests;
			productReference = 189A8B6F23CE5EA80044DCDF /* QuiziSTests.xctest */;
			productType = "com.apple.product-type.bundle.unit-test";
		};
		189A8B7923CE5EA80044DCDF /* QuiziSUITests */ = {
			isa = PBXNativeTarget;
			buildConfigurationList = 189A8B8923CE5EA90044DCDF /* Build configuration list for PBXNativeTarget "QuiziSUITests" */;
			buildPhases = (
				189A8B7623CE5EA80044DCDF /* Sources */,
				189A8B7723CE5EA80044DCDF /* Frameworks */,
				189A8B7823CE5EA80044DCDF /* Resources */,
			);
			buildRules = (
			);
			dependencies = (
				189A8B7C23CE5EA80044DCDF /* PBXTargetDependency */,
			);
			name = QuiziSUITests;
			productName = QuiziSUITests;
			productReference = 189A8B7A23CE5EA80044DCDF /* QuiziSUITests.xctest */;
			productType = "com.apple.product-type.bundle.ui-testing";
		};
/* End PBXNativeTarget section */

/* Begin PBXProject section */
		189A8B4E23CE5EA60044DCDF /* Project object */ = {
			isa = PBXProject;
			attributes = {
				LastSwiftUpdateCheck = 1130;
				LastUpgradeCheck = 1130;
				ORGANIZATIONNAME = "sourav sachdeva";
				TargetAttributes = {
					189A8B5523CE5EA60044DCDF = {
						CreatedOnToolsVersion = 11.3;
					};
					189A8B6E23CE5EA80044DCDF = {
						CreatedOnToolsVersion = 11.3;
						TestTargetID = 189A8B5523CE5EA60044DCDF;
					};
					189A8B7923CE5EA80044DCDF = {
						CreatedOnToolsVersion = 11.3;
						TestTargetID = 189A8B5523CE5EA60044DCDF;
					};
				};
			};
			buildConfigurationList = 189A8B5123CE5EA60044DCDF /* Build configuration list for PBXProject "QuiziS" */;
			compatibilityVersion = "Xcode 9.3";
			developmentRegion = en;
			hasScannedForEncodings = 0;
			knownRegions = (
				en,
				Base,
			);
			mainGroup = 189A8B4D23CE5EA60044DCDF;
			productRefGroup = 189A8B5723CE5EA60044DCDF /* Products */;
			projectDirPath = "";
			projectRoot = "";
			targets = (
				189A8B5523CE5EA60044DCDF /* QuiziS */,
				189A8B6E23CE5EA80044DCDF /* QuiziSTests */,
				189A8B7923CE5EA80044DCDF /* QuiziSUITests */,
			);
		};
/* End PBXProject section */

/* Begin PBXResourcesBuildPhase section */
		189A8B5423CE5EA60044DCDF /* Resources */ = {
			isa = PBXResourcesBuildPhase;
			buildActionMask = 2147483647;
			files = (
				186FB81723CFB65C00079E32 /* adjectivesandadverbs.plist in Resources */,
				186FB82323CFB69C00079E32 /* moreorless.plist in Resources */,
				186FB82F23CFB6CB00079E32 /* adverbialclauses.plist in Resources */,
				186FB83B23CFB6F300079E32 /* conjunctions.plist in Resources */,
				189A8B6923CE5EA80044DCDF /* LaunchScreen.storyboard in Resources */,
				186FB83323CFB6D600079E32 /* modals.plist in Resources */,
				186FB82723CFB6AA00079E32 /* expressionsofcolor.plist in Resources */,
				186FB81323CFB55800079E32 /* irregularverbs.plist in Resources */,
				186FB81B23CFB67600079E32 /* countableanduncountables.plist in Resources */,
				189A8B6623CE5EA80044DCDF /* Assets.xcassets in Resources */,
				186FB81F23CFB68800079E32 /* infinitivesorgerunds.plist in Resources */,
				189A8B6123CE5EA60044DCDF /* Main.storyboard in Resources */,
				186FB83723CFB6E200079E32 /* linkers.plist in Resources */,
				186FB80F23CFA61A00079E32 /* prepositions.plist in Resources */,
				186FB82B23CFB6BC00079E32 /* fewandlittle.plist in Resources */,
			);
			runOnlyForDeploymentPostprocessing = 0;
		};
		189A8B6D23CE5EA80044DCDF /* Resources */ = {
			isa = PBXResourcesBuildPhase;
			buildActionMask = 2147483647;
			files = (
				186FB83423CFB6D600079E32 /* modals.plist in Resources */,
				186FB82823CFB6AA00079E32 /* expressionsofcolor.plist in Resources */,
				186FB81823CFB65C00079E32 /* adjectivesandadverbs.plist in Resources */,
				186FB82423CFB69C00079E32 /* moreorless.plist in Resources */,
				186FB81023CFA61A00079E32 /* prepositions.plist in Resources */,
				186FB82023CFB68800079E32 /* infinitivesorgerunds.plist in Resources */,
				186FB81423CFB55800079E32 /* irregularverbs.plist in Resources */,
				186FB81C23CFB67600079E32 /* countableanduncountables.plist in Resources */,
				186FB82C23CFB6BC00079E32 /* fewandlittle.plist in Resources */,
				186FB83C23CFB6F300079E32 /* conjunctions.plist in Resources */,
				186FB83823CFB6E200079E32 /* linkers.plist in Resources */,
				186FB83023CFB6CB00079E32 /* adverbialclauses.plist in Resources */,
			);
			runOnlyForDeploymentPostprocessing = 0;
		};
		189A8B7823CE5EA80044DCDF /* Resources */ = {
			isa = PBXResourcesBuildPhase;
			buildActionMask = 2147483647;
			files = (
				186FB83523CFB6D600079E32 /* modals.plist in Resources */,
				186FB82923CFB6AA00079E32 /* expressionsofcolor.plist in Resources */,
				186FB81923CFB65C00079E32 /* adjectivesandadverbs.plist in Resources */,
				186FB82523CFB69C00079E32 /* moreorless.plist in Resources */,
				186FB81123CFA61A00079E32 /* prepositions.plist in Resources */,
				186FB82123CFB68800079E32 /* infinitivesorgerunds.plist in Resources */,
				186FB81523CFB55800079E32 /* irregularverbs.plist in Resources */,
				186FB81D23CFB67600079E32 /* countableanduncountables.plist in Resources */,
				186FB82D23CFB6BC00079E32 /* fewandlittle.plist in Resources */,
				186FB83D23CFB6F300079E32 /* conjunctions.plist in Resources */,
				186FB83923CFB6E200079E32 /* linkers.plist in Resources */,
				186FB83123CFB6CB00079E32 /* adverbialclauses.plist in Resources */,
			);
			runOnlyForDeploymentPostprocessing = 0;
		};
/* End PBXResourcesBuildPhase section */

/* Begin PBXSourcesBuildPhase section */
		189A8B5223CE5EA60044DCDF /* Sources */ = {
			isa = PBXSourcesBuildPhase;
			buildActionMask = 2147483647;
			files = (
				189A8B6423CE5EA60044DCDF /* QuiziS.xcdatamodeld in Sources */,
				189A8B5E23CE5EA60044DCDF /* ViewController.swift in Sources */,
				189A8B5A23CE5EA60044DCDF /* AppDelegate.swift in Sources */,
				189A8B8F23CE6DB90044DCDF /* GrammarTableViewCell.swift in Sources */,
				189A8B5C23CE5EA60044DCDF /* SceneDelegate.swift in Sources */,
				189A8B9523CEB23C0044DCDF /* Grammar.swift in Sources */,
				189A8B9723CEBCCD0044DCDF /* GrammarTypeViewController.swift in Sources */,
				189A8B9123CE86600044DCDF /* Question.swift in Sources */,
				189A8B9323CE871A0044DCDF /* QuestionViewController.swift in Sources */,
				189A8B8D23CE6CE20044DCDF /* GrammarTableViewController.swift in Sources */,
			);
			runOnlyForDeploymentPostprocessing = 0;
		};
		189A8B6B23CE5EA80044DCDF /* Sources */ = {
			isa = PBXSourcesBuildPhase;
			buildActionMask = 2147483647;
			files = (
				189A8B7423CE5EA80044DCDF /* QuiziSTests.swift in Sources */,
			);
			runOnlyForDeploymentPostprocessing = 0;
		};
		189A8B7623CE5EA80044DCDF /* Sources */ = {
			isa = PBXSourcesBuildPhase;
			buildActionMask = 2147483647;
			files = (
				189A8B7F23CE5EA80044DCDF /* QuiziSUITests.swift in Sources */,
			);
			runOnlyForDeploymentPostprocessing = 0;
		};
/* End PBXSourcesBuildPhase section */

/* Begin PBXTargetDependency section */
		189A8B7123CE5EA80044DCDF /* PBXTargetDependency */ = {
			isa = PBXTargetDependency;
			target = 189A8B5523CE5EA60044DCDF /* QuiziS */;
			targetProxy = 189A8B7023CE5EA80044DCDF /* PBXContainerItemProxy */;
		};
		189A8B7C23CE5EA80044DCDF /* PBXTargetDependency */ = {
			isa = PBXTargetDependency;
			target = 189A8B5523CE5EA60044DCDF /* QuiziS */;
			targetProxy = 189A8B7B23CE5EA80044DCDF /* PBXContainerItemProxy */;
		};
/* End PBXTargetDependency section */

/* Begin PBXVariantGroup section */
		189A8B5F23CE5EA60044DCDF /* Main.storyboard */ = {
			isa = PBXVariantGroup;
			children = (
				189A8B6023CE5EA60044DCDF /* Base */,
			);
			name = Main.storyboard;
			sourceTree = "<group>";
		};
		189A8B6723CE5EA80044DCDF /* LaunchScreen.storyboard */ = {
			isa = PBXVariantGroup;
			children = (
				189A8B6823CE5EA80044DCDF /* Base */,
			);
			name = LaunchScreen.storyboard;
			sourceTree = "<group>";
		};
/* End PBXVariantGroup section */

/* Begin XCBuildConfiguration section */
		189A8B8123CE5EA80044DCDF /* Debug */ = {
			isa = XCBuildConfiguration;
			buildSettings = {
				ALWAYS_SEARCH_USER_PATHS = NO;
				CLANG_ANALYZER_NONNULL = YES;
				CLANG_ANALYZER_NUMBER_OBJECT_CONVERSION = YES_AGGRESSIVE;
				CLANG_CXX_LANGUAGE_STANDARD = "gnu++14";
				CLANG_CXX_LIBRARY = "libc++";
				CLANG_ENABLE_MODULES = YES;
				CLANG_ENABLE_OBJC_ARC = YES;
				CLANG_ENABLE_OBJC_WEAK = YES;
				CLANG_WARN_BLOCK_CAPTURE_AUTORELEASING = YES;
				CLANG_WARN_BOOL_CONVERSION = YES;
				CLANG_WARN_COMMA = YES;
				CLANG_WARN_CONSTANT_CONVERSION = YES;
				CLANG_WARN_DEPRECATED_OBJC_IMPLEMENTATIONS = YES;
				CLANG_WARN_DIRECT_OBJC_ISA_USAGE = YES_ERROR;
				CLANG_WARN_DOCUMENTATION_COMMENTS = YES;
				CLANG_WARN_EMPTY_BODY = YES;
				CLANG_WARN_ENUM_CONVERSION = YES;
				CLANG_WARN_INFINITE_RECURSION = YES;
				CLANG_WARN_INT_CONVERSION = YES;
				CLANG_WARN_NON_LITERAL_NULL_CONVERSION = YES;
				CLANG_WARN_OBJC_IMPLICIT_RETAIN_SELF = YES;
				CLANG_WARN_OBJC_LITERAL_CONVERSION = YES;
				CLANG_WARN_OBJC_ROOT_CLASS = YES_ERROR;
				CLANG_WARN_RANGE_LOOP_ANALYSIS = YES;
				CLANG_WARN_STRICT_PROTOTYPES = YES;
				CLANG_WARN_SUSPICIOUS_MOVE = YES;
				CLANG_WARN_UNGUARDED_AVAILABILITY = YES_AGGRESSIVE;
				CLANG_WARN_UNREACHABLE_CODE = YES;
				CLANG_WARN__DUPLICATE_METHOD_MATCH = YES;
				COPY_PHASE_STRIP = NO;
				DEBUG_INFORMATION_FORMAT = dwarf;
				ENABLE_STRICT_OBJC_MSGSEND = YES;
				ENABLE_TESTABILITY = YES;
				GCC_C_LANGUAGE_STANDARD = gnu11;
				GCC_DYNAMIC_NO_PIC = NO;
				GCC_NO_COMMON_BLOCKS = YES;
				GCC_OPTIMIZATION_LEVEL = 0;
				GCC_PREPROCESSOR_DEFINITIONS = (
					"DEBUG=1",
					"$(inherited)",
				);
				GCC_WARN_64_TO_32_BIT_CONVERSION = YES;
				GCC_WARN_ABOUT_RETURN_TYPE = YES_ERROR;
				GCC_WARN_UNDECLARED_SELECTOR = YES;
				GCC_WARN_UNINITIALIZED_AUTOS = YES_AGGRESSIVE;
				GCC_WARN_UNUSED_FUNCTION = YES;
				GCC_WARN_UNUSED_VARIABLE = YES;
				IPHONEOS_DEPLOYMENT_TARGET = 13.2;
				MTL_ENABLE_DEBUG_INFO = INCLUDE_SOURCE;
				MTL_FAST_MATH = YES;
				ONLY_ACTIVE_ARCH = YES;
				SDKROOT = iphoneos;
				SWIFT_ACTIVE_COMPILATION_CONDITIONS = DEBUG;
				SWIFT_OPTIMIZATION_LEVEL = "-Onone";
			};
			name = Debug;
		};
		189A8B8223CE5EA80044DCDF /* Release */ = {
			isa = XCBuildConfiguration;
			buildSettings = {
				ALWAYS_SEARCH_USER_PATHS = NO;
				CLANG_ANALYZER_NONNULL = YES;
				CLANG_ANALYZER_NUMBER_OBJECT_CONVERSION = YES_AGGRESSIVE;
				CLANG_CXX_LANGUAGE_STANDARD = "gnu++14";
				CLANG_CXX_LIBRARY = "libc++";
				CLANG_ENABLE_MODULES = YES;
				CLANG_ENABLE_OBJC_ARC = YES;
				CLANG_ENABLE_OBJC_WEAK = YES;
				CLANG_WARN_BLOCK_CAPTURE_AUTORELEASING = YES;
				CLANG_WARN_BOOL_CONVERSION = YES;
				CLANG_WARN_COMMA = YES;
				CLANG_WARN_CONSTANT_CONVERSION = YES;
				CLANG_WARN_DEPRECATED_OBJC_IMPLEMENTATIONS = YES;
				CLANG_WARN_DIRECT_OBJC_ISA_USAGE = YES_ERROR;
				CLANG_WARN_DOCUMENTATION_COMMENTS = YES;
				CLANG_WARN_EMPTY_BODY = YES;
				CLANG_WARN_ENUM_CONVERSION = YES;
				CLANG_WARN_INFINITE_RECURSION = YES;
				CLANG_WARN_INT_CONVERSION = YES;
				CLANG_WARN_NON_LITERAL_NULL_CONVERSION = YES;
				CLANG_WARN_OBJC_IMPLICIT_RETAIN_SELF = YES;
				CLANG_WARN_OBJC_LITERAL_CONVERSION = YES;
				CLANG_WARN_OBJC_ROOT_CLASS = YES_ERROR;
				CLANG_WARN_RANGE_LOOP_ANALYSIS = YES;
				CLANG_WARN_STRICT_PROTOTYPES = YES;
				CLANG_WARN_SUSPICIOUS_MOVE = YES;
				CLANG_WARN_UNGUARDED_AVAILABILITY = YES_AGGRESSIVE;
				CLANG_WARN_UNREACHABLE_CODE = YES;
				CLANG_WARN__DUPLICATE_METHOD_MATCH = YES;
				COPY_PHASE_STRIP = NO;
				DEBUG_INFORMATION_FORMAT = "dwarf-with-dsym";
				ENABLE_NS_ASSERTIONS = NO;
				ENABLE_STRICT_OBJC_MSGSEND = YES;
				GCC_C_LANGUAGE_STANDARD = gnu11;
				GCC_NO_COMMON_BLOCKS = YES;
				GCC_WARN_64_TO_32_BIT_CONVERSION = YES;
				GCC_WARN_ABOUT_RETURN_TYPE = YES_ERROR;
				GCC_WARN_UNDECLARED_SELECTOR = YES;
				GCC_WARN_UNINITIALIZED_AUTOS = YES_AGGRESSIVE;
				GCC_WARN_UNUSED_FUNCTION = YES;
				GCC_WARN_UNUSED_VARIABLE = YES;
				IPHONEOS_DEPLOYMENT_TARGET = 13.2;
				MTL_ENABLE_DEBUG_INFO = NO;
				MTL_FAST_MATH = YES;
				SDKROOT = iphoneos;
				SWIFT_COMPILATION_MODE = wholemodule;
				SWIFT_OPTIMIZATION_LEVEL = "-O";
				VALIDATE_PRODUCT = YES;
			};
			name = Release;
		};
		189A8B8423CE5EA80044DCDF /* Debug */ = {
			isa = XCBuildConfiguration;
			buildSettings = {
				ASSETCATALOG_COMPILER_APPICON_NAME = AppIcon;
				CODE_SIGN_STYLE = Automatic;
				DEVELOPMENT_TEAM = X49G5RK3N2;
				INFOPLIST_FILE = QuiziS/Info.plist;
				LD_RUNPATH_SEARCH_PATHS = (
					"$(inherited)",
					"@executable_path/Frameworks",
				);
				PRODUCT_BUNDLE_IDENTIFIER = sourav.bigb.com.QuiziS;
				PRODUCT_NAME = "$(TARGET_NAME)";
				SWIFT_VERSION = 5.0;
				TARGETED_DEVICE_FAMILY = "1,2";
			};
			name = Debug;
		};
		189A8B8523CE5EA80044DCDF /* Release */ = {
			isa = XCBuildConfiguration;
			buildSettings = {
				ASSETCATALOG_COMPILER_APPICON_NAME = AppIcon;
				CODE_SIGN_STYLE = Automatic;
				DEVELOPMENT_TEAM = X49G5RK3N2;
				INFOPLIST_FILE = QuiziS/Info.plist;
				LD_RUNPATH_SEARCH_PATHS = (
					"$(inherited)",
					"@executable_path/Frameworks",
				);
				PRODUCT_BUNDLE_IDENTIFIER = sourav.bigb.com.QuiziS;
				PRODUCT_NAME = "$(TARGET_NAME)";
				SWIFT_VERSION = 5.0;
				TARGETED_DEVICE_FAMILY = "1,2";
			};
			name = Release;
		};
		189A8B8723CE5EA90044DCDF /* Debug */ = {
			isa = XCBuildConfiguration;
			buildSettings = {
				ALWAYS_EMBED_SWIFT_STANDARD_LIBRARIES = YES;
				BUNDLE_LOADER = "$(TEST_HOST)";
				CODE_SIGN_STYLE = Automatic;
				DEVELOPMENT_TEAM = X49G5RK3N2;
				INFOPLIST_FILE = QuiziSTests/Info.plist;
				IPHONEOS_DEPLOYMENT_TARGET = 13.2;
				LD_RUNPATH_SEARCH_PATHS = (
					"$(inherited)",
					"@executable_path/Frameworks",
					"@loader_path/Frameworks",
				);
				PRODUCT_BUNDLE_IDENTIFIER = sourav.bigb.com.QuiziSTests;
				PRODUCT_NAME = "$(TARGET_NAME)";
				SWIFT_VERSION = 5.0;
				TARGETED_DEVICE_FAMILY = "1,2";
				TEST_HOST = "$(BUILT_PRODUCTS_DIR)/QuiziS.app/QuiziS";
			};
			name = Debug;
		};
		189A8B8823CE5EA90044DCDF /* Release */ = {
			isa = XCBuildConfiguration;
			buildSettings = {
				ALWAYS_EMBED_SWIFT_STANDARD_LIBRARIES = YES;
				BUNDLE_LOADER = "$(TEST_HOST)";
				CODE_SIGN_STYLE = Automatic;
				DEVELOPMENT_TEAM = X49G5RK3N2;
				INFOPLIST_FILE = QuiziSTests/Info.plist;
				IPHONEOS_DEPLOYMENT_TARGET = 13.2;
				LD_RUNPATH_SEARCH_PATHS = (
					"$(inherited)",
					"@executable_path/Frameworks",
					"@loader_path/Frameworks",
				);
				PRODUCT_BUNDLE_IDENTIFIER = sourav.bigb.com.QuiziSTests;
				PRODUCT_NAME = "$(TARGET_NAME)";
				SWIFT_VERSION = 5.0;
				TARGETED_DEVICE_FAMILY = "1,2";
				TEST_HOST = "$(BUILT_PRODUCTS_DIR)/QuiziS.app/QuiziS";
			};
			name = Release;
		};
		189A8B8A23CE5EA90044DCDF /* Debug */ = {
			isa = XCBuildConfiguration;
			buildSettings = {
				ALWAYS_EMBED_SWIFT_STANDARD_LIBRARIES = YES;
				CODE_SIGN_STYLE = Automatic;
				DEVELOPMENT_TEAM = X49G5RK3N2;
				INFOPLIST_FILE = QuiziSUITests/Info.plist;
				LD_RUNPATH_SEARCH_PATHS = (
					"$(inherited)",
					"@executable_path/Frameworks",
					"@loader_path/Frameworks",
				);
				PRODUCT_BUNDLE_IDENTIFIER = sourav.bigb.com.QuiziSUITests;
				PRODUCT_NAME = "$(TARGET_NAME)";
				SWIFT_VERSION = 5.0;
				TARGETED_DEVICE_FAMILY = "1,2";
				TEST_TARGET_NAME = QuiziS;
			};
			name = Debug;
		};
		189A8B8B23CE5EA90044DCDF /* Release */ = {
			isa = XCBuildConfiguration;
			buildSettings = {
				ALWAYS_EMBED_SWIFT_STANDARD_LIBRARIES = YES;
				CODE_SIGN_STYLE = Automatic;
				DEVELOPMENT_TEAM = X49G5RK3N2;
				INFOPLIST_FILE = QuiziSUITests/Info.plist;
				LD_RUNPATH_SEARCH_PATHS = (
					"$(inherited)",
					"@executable_path/Frameworks",
					"@loader_path/Frameworks",
				);
				PRODUCT_BUNDLE_IDENTIFIER = sourav.bigb.com.QuiziSUITests;
				PRODUCT_NAME = "$(TARGET_NAME)";
				SWIFT_VERSION = 5.0;
				TARGETED_DEVICE_FAMILY = "1,2";
				TEST_TARGET_NAME = QuiziS;
			};
			name = Release;
		};
/* End XCBuildConfiguration section */

/* Begin XCConfigurationList section */
		189A8B5123CE5EA60044DCDF /* Build configuration list for PBXProject "QuiziS" */ = {
			isa = XCConfigurationList;
			buildConfigurations = (
				189A8B8123CE5EA80044DCDF /* Debug */,
				189A8B8223CE5EA80044DCDF /* Release */,
			);
			defaultConfigurationIsVisible = 0;
			defaultConfigurationName = Release;
		};
		189A8B8323CE5EA80044DCDF /* Build configuration list for PBXNativeTarget "QuiziS" */ = {
			isa = XCConfigurationList;
			buildConfigurations = (
				189A8B8423CE5EA80044DCDF /* Debug */,
				189A8B8523CE5EA80044DCDF /* Release */,
			);
			defaultConfigurationIsVisible = 0;
			defaultConfigurationName = Release;
		};
		189A8B8623CE5EA90044DCDF /* Build configuration list for PBXNativeTarget "QuiziSTests" */ = {
			isa = XCConfigurationList;
			buildConfigurations = (
				189A8B8723CE5EA90044DCDF /* Debug */,
				189A8B8823CE5EA90044DCDF /* Release */,
			);
			defaultConfigurationIsVisible = 0;
			defaultConfigurationName = Release;
		};
		189A8B8923CE5EA90044DCDF /* Build configuration list for PBXNativeTarget "QuiziSUITests" */ = {
			isa = XCConfigurationList;
			buildConfigurations = (
				189A8B8A23CE5EA90044DCDF /* Debug */,
				189A8B8B23CE5EA90044DCDF /* Release */,
			);
			defaultConfigurationIsVisible = 0;
			defaultConfigurationName = Release;
		};
/* End XCConfigurationList section */

/* Begin XCVersionGroup section */
		189A8B6223CE5EA60044DCDF /* QuiziS.xcdatamodeld */ = {
			isa = XCVersionGroup;
			children = (
				189A8B6323CE5EA60044DCDF /* QuiziS.xcdatamodel */,
			);
			currentVersion = 189A8B6323CE5EA60044DCDF /* QuiziS.xcdatamodel */;
			path = QuiziS.xcdatamodeld;
			sourceTree = "<group>";
			versionGroupType = wrapper.xcdatamodel;
		};
/* End XCVersionGroup section */
	};
	rootObject = 189A8B4E23CE5EA60044DCDF /* Project object */;
}
